// !$*UTF8*$!
{
	archiveVersion = 1;
	classes = {
	};
	objectVersion = 56;
	objects = {

/* Begin PBXBuildFile section */
		9FCFCAA228FE30590024DD1A /* AppDelegate.swift in Sources */ = {isa = PBXBuildFile; fileRef = 9FCFCAA128FE30590024DD1A /* AppDelegate.swift */; };
		9FCFCAA428FE30590024DD1A /* SceneDelegate.swift in Sources */ = {isa = PBXBuildFile; fileRef = 9FCFCAA328FE30590024DD1A /* SceneDelegate.swift */; };
		9FCFCAA628FE30590024DD1A /* ViewController.swift in Sources */ = {isa = PBXBuildFile; fileRef = 9FCFCAA528FE30590024DD1A /* ViewController.swift */; };
		9FCFCAA928FE30590024DD1A /* Main.storyboard in Resources */ = {isa = PBXBuildFile; fileRef = 9FCFCAA728FE30590024DD1A /* Main.storyboard */; };
		9FCFCAAC28FE30590024DD1A /* weathertest.xcdatamodeld in Sources */ = {isa = PBXBuildFile; fileRef = 9FCFCAAA28FE30590024DD1A /* weathertest.xcdatamodeld */; };
		9FCFCAAE28FE30590024DD1A /* Assets.xcassets in Resources */ = {isa = PBXBuildFile; fileRef = 9FCFCAAD28FE30590024DD1A /* Assets.xcassets */; };
		9FCFCAB128FE30590024DD1A /* LaunchScreen.storyboard in Resources */ = {isa = PBXBuildFile; fileRef = 9FCFCAAF28FE30590024DD1A /* LaunchScreen.storyboard */; };
		9FCFCABC28FE305A0024DD1A /* weathertestTests.swift in Sources */ = {isa = PBXBuildFile; fileRef = 9FCFCABB28FE305A0024DD1A /* weathertestTests.swift */; };
		9FCFCAC628FE305A0024DD1A /* weathertestUITests.swift in Sources */ = {isa = PBXBuildFile; fileRef = 9FCFCAC528FE305A0024DD1A /* weathertestUITests.swift */; };
		9FCFCAC828FE305A0024DD1A /* weathertestUITestsLaunchTests.swift in Sources */ = {isa = PBXBuildFile; fileRef = 9FCFCAC728FE305A0024DD1A /* weathertestUITestsLaunchTests.swift */; };
/* End PBXBuildFile section */

/* Begin PBXContainerItemProxy section */
		9FCFCAB828FE305A0024DD1A /* PBXContainerItemProxy */ = {
			isa = PBXContainerItemProxy;
			containerPortal = 9FCFCA9628FE30590024DD1A /* Project object */;
			proxyType = 1;
			remoteGlobalIDString = 9FCFCA9D28FE30590024DD1A;
			remoteInfo = weathertest;
		};
		9FCFCAC228FE305A0024DD1A /* PBXContainerItemProxy */ = {
			isa = PBXContainerItemProxy;
			containerPortal = 9FCFCA9628FE30590024DD1A /* Project object */;
			proxyType = 1;
			remoteGlobalIDString = 9FCFCA9D28FE30590024DD1A;
			remoteInfo = weathertest;
		};
/* End PBXContainerItemProxy section */

/* Begin PBXFileReference section */
		9FCFCA9E28FE30590024DD1A /* weathertest.app */ = {isa = PBXFileReference; explicitFileType = wrapper.application; includeInIndex = 0; path = weathertest.app; sourceTree = BUILT_PRODUCTS_DIR; };
		9FCFCAA128FE30590024DD1A /* AppDelegate.swift */ = {isa = PBXFileReference; lastKnownFileType = sourcecode.swift; path = AppDelegate.swift; sourceTree = "<group>"; };
		9FCFCAA328FE30590024DD1A /* SceneDelegate.swift */ = {isa = PBXFileReference; lastKnownFileType = sourcecode.swift; path = SceneDelegate.swift; sourceTree = "<group>"; };
		9FCFCAA528FE30590024DD1A /* ViewController.swift */ = {isa = PBXFileReference; lastKnownFileType = sourcecode.swift; path = ViewController.swift; sourceTree = "<group>"; };
		9FCFCAA828FE30590024DD1A /* Base */ = {isa = PBXFileReference; lastKnownFileType = file.storyboard; name = Base; path = Base.lproj/Main.storyboard; sourceTree = "<group>"; };
		9FCFCAAB28FE30590024DD1A /* weathertest.xcdatamodel */ = {isa = PBXFileReference; lastKnownFileType = wrapper.xcdatamodel; path = weathertest.xcdatamodel; sourceTree = "<group>"; };
		9FCFCAAD28FE30590024DD1A /* Assets.xcassets */ = {isa = PBXFileReference; lastKnownFileType = folder.assetcatalog; path = Assets.xcassets; sourceTree = "<group>"; };
		9FCFCAB028FE30590024DD1A /* Base */ = {isa = PBXFileReference; lastKnownFileType = file.storyboard; name = Base; path = Base.lproj/LaunchScreen.storyboard; sourceTree = "<group>"; };
		9FCFCAB228FE30590024DD1A /* Info.plist */ = {isa = PBXFileReference; lastKnownFileType = text.plist.xml; path = Info.plist; sourceTree = "<group>"; };
		9FCFCAB728FE305A0024DD1A /* weathertestTests.xctest */ = {isa = PBXFileReference; explicitFileType = wrapper.cfbundle; includeInIndex = 0; path = weathertestTests.xctest; sourceTree = BUILT_PRODUCTS_DIR; };
		9FCFCABB28FE305A0024DD1A /* weathertestTests.swift */ = {isa = PBXFileReference; lastKnownFileType = sourcecode.swift; path = weathertestTests.swift; sourceTree = "<group>"; };
		9FCFCAC128FE305A0024DD1A /* weathertestUITests.xctest */ = {isa = PBXFileReference; explicitFileType = wrapper.cfbundle; includeInIndex = 0; path = weathertestUITests.xctest; sourceTree = BUILT_PRODUCTS_DIR; };
		9FCFCAC528FE305A0024DD1A /* weathertestUITests.swift */ = {isa = PBXFileReference; lastKnownFileType = sourcecode.swift; path = weathertestUITests.swift; sourceTree = "<group>"; };
		9FCFCAC728FE305A0024DD1A /* weathertestUITestsLaunchTests.swift */ = {isa = PBXFileReference; lastKnownFileType = sourcecode.swift; path = weathertestUITestsLaunchTests.swift; sourceTree = "<group>"; };
/* End PBXFileReference section */

/* Begin PBXFrameworksBuildPhase section */
		9FCFCA9B28FE30590024DD1A /* Frameworks */ = {
			isa = PBXFrameworksBuildPhase;
			buildActionMask = 2147483647;
			files = (
			);
			runOnlyForDeploymentPostprocessing = 0;
		};
		9FCFCAB428FE305A0024DD1A /* Frameworks */ = {
			isa = PBXFrameworksBuildPhase;
			buildActionMask = 2147483647;
			files = (
			);
			runOnlyForDeploymentPostprocessing = 0;
		};
		9FCFCABE28FE305A0024DD1A /* Frameworks */ = {
			isa = PBXFrameworksBuildPhase;
			buildActionMask = 2147483647;
			files = (
			);
			runOnlyForDeploymentPostprocessing = 0;
		};
/* End PBXFrameworksBuildPhase section */

/* Begin PBXGroup section */
		9FCFCA9528FE30590024DD1A = {
			isa = PBXGroup;
			children = (
				9FCFCAA028FE30590024DD1A /* weathertest */,
				9FCFCABA28FE305A0024DD1A /* weathertestTests */,
				9FCFCAC428FE305A0024DD1A /* weathertestUITests */,
				9FCFCA9F28FE30590024DD1A /* Products */,
			);
			sourceTree = "<group>";
		};
		9FCFCA9F28FE30590024DD1A /* Products */ = {
			isa = PBXGroup;
			children = (
				9FCFCA9E28FE30590024DD1A /* weathertest.app */,
				9FCFCAB728FE305A0024DD1A /* weathertestTests.xctest */,
				9FCFCAC128FE305A0024DD1A /* weathertestUITests.xctest */,
			);
			name = Products;
			sourceTree = "<group>";
		};
		9FCFCAA028FE30590024DD1A /* weathertest */ = {
			isa = PBXGroup;
			children = (
				9FCFCAA128FE30590024DD1A /* AppDelegate.swift */,
				9FCFCAA328FE30590024DD1A /* SceneDelegate.swift */,
				9FCFCAA528FE30590024DD1A /* ViewController.swift */,
				9FCFCAA728FE30590024DD1A /* Main.storyboard */,
				9FCFCAAD28FE30590024DD1A /* Assets.xcassets */,
				9FCFCAAF28FE30590024DD1A /* LaunchScreen.storyboard */,
				9FCFCAB228FE30590024DD1A /* Info.plist */,
				9FCFCAAA28FE30590024DD1A /* weathertest.xcdatamodeld */,
			);
			path = weathertest;
			sourceTree = "<group>";
		};
		9FCFCABA28FE305A0024DD1A /* weathertestTests */ = {
			isa = PBXGroup;
			children = (
				9FCFCABB28FE305A0024DD1A /* weathertestTests.swift */,
			);
			path = weathertestTests;
			sourceTree = "<group>";
		};
		9FCFCAC428FE305A0024DD1A /* weathertestUITests */ = {
			isa = PBXGroup;
			children = (
				9FCFCAC528FE305A0024DD1A /* weathertestUITests.swift */,
				9FCFCAC728FE305A0024DD1A /* weathertestUITestsLaunchTests.swift */,
			);
			path = weathertestUITests;
			sourceTree = "<group>";
		};
/* End PBXGroup section */

/* Begin PBXNativeTarget section */
		9FCFCA9D28FE30590024DD1A /* weathertest */ = {
			isa = PBXNativeTarget;
			buildConfigurationList = 9FCFCACB28FE305A0024DD1A /* Build configuration list for PBXNativeTarget "weathertest" */;
			buildPhases = (
				9FCFCA9A28FE30590024DD1A /* Sources */,
				9FCFCA9B28FE30590024DD1A /* Frameworks */,
				9FCFCA9C28FE30590024DD1A /* Resources */,
			);
			buildRules = (
			);
			dependencies = (
			);
			name = weathertest;
			productName = weathertest;
			productReference = 9FCFCA9E28FE30590024DD1A /* weathertest.app */;
			productType = "com.apple.product-type.application";
		};
		9FCFCAB628FE305A0024DD1A /* weathertestTests */ = {
			isa = PBXNativeTarget;
			buildConfigurationList = 9FCFCACE28FE305A0024DD1A /* Build configuration list for PBXNativeTarget "weathertestTests" */;
			buildPhases = (
				9FCFCAB328FE305A0024DD1A /* Sources */,
				9FCFCAB428FE305A0024DD1A /* Frameworks */,
				9FCFCAB528FE305A0024DD1A /* Resources */,
			);
			buildRules = (
			);
			dependencies = (
				9FCFCAB928FE305A0024DD1A /* PBXTargetDependency */,
			);
			name = weathertestTests;
			productName = weathertestTests;
			productReference = 9FCFCAB728FE305A0024DD1A /* weathertestTests.xctest */;
			productType = "com.apple.product-type.bundle.unit-test";
		};
		9FCFCAC028FE305A0024DD1A /* weathertestUITests */ = {
			isa = PBXNativeTarget;
			buildConfigurationList = 9FCFCAD128FE305A0024DD1A /* Build configuration list for PBXNativeTarget "weathertestUITests" */;
			buildPhases = (
				9FCFCABD28FE305A0024DD1A /* Sources */,
				9FCFCABE28FE305A0024DD1A /* Frameworks */,
				9FCFCABF28FE305A0024DD1A /* Resources */,
			);
			buildRules = (
			);
			dependencies = (
				9FCFCAC328FE305A0024DD1A /* PBXTargetDependency */,
			);
			name = weathertestUITests;
			productName = weathertestUITests;
			productReference = 9FCFCAC128FE305A0024DD1A /* weathertestUITests.xctest */;
			productType = "com.apple.product-type.bundle.ui-testing";
		};
/* End PBXNativeTarget section */

/* Begin PBXProject section */
		9FCFCA9628FE30590024DD1A /* Project object */ = {
			isa = PBXProject;
			attributes = {
				BuildIndependentTargetsInParallel = 1;
				LastSwiftUpdateCheck = 1400;
				LastUpgradeCheck = 1400;
				TargetAttributes = {
					9FCFCA9D28FE30590024DD1A = {
						CreatedOnToolsVersion = 14.0.1;
					};
					9FCFCAB628FE305A0024DD1A = {
						CreatedOnToolsVersion = 14.0.1;
						TestTargetID = 9FCFCA9D28FE30590024DD1A;
					};
					9FCFCAC028FE305A0024DD1A = {
						CreatedOnToolsVersion = 14.0.1;
						TestTargetID = 9FCFCA9D28FE30590024DD1A;
					};
				};
			};
			buildConfigurationList = 9FCFCA9928FE30590024DD1A /* Build configuration list for PBXProject "weathertest" */;
			compatibilityVersion = "Xcode 14.0";
			developmentRegion = en;
			hasScannedForEncodings = 0;
			knownRegions = (
				en,
				Base,
			);
			mainGroup = 9FCFCA9528FE30590024DD1A;
			productRefGroup = 9FCFCA9F28FE30590024DD1A /* Products */;
			projectDirPath = "";
			projectRoot = "";
			targets = (
				9FCFCA9D28FE30590024DD1A /* weathertest */,
				9FCFCAB628FE305A0024DD1A /* weathertestTests */,
				9FCFCAC028FE305A0024DD1A /* weathertestUITests */,
			);
		};
/* End PBXProject section */

/* Begin PBXResourcesBuildPhase section */
		9FCFCA9C28FE30590024DD1A /* Resources */ = {
			isa = PBXResourcesBuildPhase;
			buildActionMask = 2147483647;
			files = (
				9FCFCAB128FE30590024DD1A /* LaunchScreen.storyboard in Resources */,
				9FCFCAAE28FE30590024DD1A /* Assets.xcassets in Resources */,
				9FCFCAA928FE30590024DD1A /* Main.storyboard in Resources */,
			);
			runOnlyForDeploymentPostprocessing = 0;
		};
		9FCFCAB528FE305A0024DD1A /* Resources */ = {
			isa = PBXResourcesBuildPhase;
			buildActionMask = 2147483647;
			files = (
			);
			runOnlyForDeploymentPostprocessing = 0;
		};
		9FCFCABF28FE305A0024DD1A /* Resources */ = {
			isa = PBXResourcesBuildPhase;
			buildActionMask = 2147483647;
			files = (
			);
			runOnlyForDeploymentPostprocessing = 0;
		};
/* End PBXResourcesBuildPhase section */

/* Begin PBXSourcesBuildPhase section */
		9FCFCA9A28FE30590024DD1A /* Sources */ = {
			isa = PBXSourcesBuildPhase;
			buildActionMask = 2147483647;
			files = (
				9FCFCAAC28FE30590024DD1A /* weathertest.xcdatamodeld in Sources */,
				9FCFCAA628FE30590024DD1A /* ViewController.swift in Sources */,
				9FCFCAA228FE30590024DD1A /* AppDelegate.swift in Sources */,
				9FCFCAA428FE30590024DD1A /* SceneDelegate.swift in Sources */,
			);
			runOnlyForDeploymentPostprocessing = 0;
		};
		9FCFCAB328FE305A0024DD1A /* Sources */ = {
			isa = PBXSourcesBuildPhase;
			buildActionMask = 2147483647;
			files = (
				9FCFCABC28FE305A0024DD1A /* weathertestTests.swift in Sources */,
			);
			runOnlyForDeploymentPostprocessing = 0;
		};
		9FCFCABD28FE305A0024DD1A /* Sources */ = {
			isa = PBXSourcesBuildPhase;
			buildActionMask = 2147483647;
			files = (
				9FCFCAC628FE305A0024DD1A /* weathertestUITests.swift in Sources */,
				9FCFCAC828FE305A0024DD1A /* weathertestUITestsLaunchTests.swift in Sources */,
			);
			runOnlyForDeploymentPostprocessing = 0;
		};
/* End PBXSourcesBuildPhase section */

/* Begin PBXTargetDependency section */
		9FCFCAB928FE305A0024DD1A /* PBXTargetDependency */ = {
			isa = PBXTargetDependency;
			target = 9FCFCA9D28FE30590024DD1A /* weathertest */;
			targetProxy = 9FCFCAB828FE305A0024DD1A /* PBXContainerItemProxy */;
		};
		9FCFCAC328FE305A0024DD1A /* PBXTargetDependency */ = {
			isa = PBXTargetDependency;
			target = 9FCFCA9D28FE30590024DD1A /* weathertest */;
			targetProxy = 9FCFCAC228FE305A0024DD1A /* PBXContainerItemProxy */;
		};
/* End PBXTargetDependency section */

/* Begin PBXVariantGroup section */
		9FCFCAA728FE30590024DD1A /* Main.storyboard */ = {
			isa = PBXVariantGroup;
			children = (
				9FCFCAA828FE30590024DD1A /* Base */,
			);
			name = Main.storyboard;
			sourceTree = "<group>";
		};
		9FCFCAAF28FE30590024DD1A /* LaunchScreen.storyboard */ = {
			isa = PBXVariantGroup;
			children = (
				9FCFCAB028FE30590024DD1A /* Base */,
			);
			name = LaunchScreen.storyboard;
			sourceTree = "<group>";
		};
/* End PBXVariantGroup section */

/* Begin XCBuildConfiguration section */
		9FCFCAC928FE305A0024DD1A /* Debug */ = {
			isa = XCBuildConfiguration;
			buildSettings = {
				ALWAYS_SEARCH_USER_PATHS = NO;
				CLANG_ANALYZER_NONNULL = YES;
				CLANG_ANALYZER_NUMBER_OBJECT_CONVERSION = YES_AGGRESSIVE;
				CLANG_CXX_LANGUAGE_STANDARD = "gnu++20";
				CLANG_ENABLE_MODULES = YES;
				CLANG_ENABLE_OBJC_ARC = YES;
				CLANG_ENABLE_OBJC_WEAK = YES;
				CLANG_WARN_BLOCK_CAPTURE_AUTORELEASING = YES;
				CLANG_WARN_BOOL_CONVERSION = YES;
				CLANG_WARN_COMMA = YES;
				CLANG_WARN_CONSTANT_CONVERSION = YES;
				CLANG_WARN_DEPRECATED_OBJC_IMPLEMENTATIONS = YES;
				CLANG_WARN_DIRECT_OBJC_ISA_USAGE = YES_ERROR;
				CLANG_WARN_DOCUMENTATION_COMMENTS = YES;
				CLANG_WARN_EMPTY_BODY = YES;
				CLANG_WARN_ENUM_CONVERSION = YES;
				CLANG_WARN_INFINITE_RECURSION = YES;
				CLANG_WARN_INT_CONVERSION = YES;
				CLANG_WARN_NON_LITERAL_NULL_CONVERSION = YES;
				CLANG_WARN_OBJC_IMPLICIT_RETAIN_SELF = YES;
				CLANG_WARN_OBJC_LITERAL_CONVERSION = YES;
				CLANG_WARN_OBJC_ROOT_CLASS = YES_ERROR;
				CLANG_WARN_QUOTED_INCLUDE_IN_FRAMEWORK_HEADER = YES;
				CLANG_WARN_RANGE_LOOP_ANALYSIS = YES;
				CLANG_WARN_STRICT_PROTOTYPES = YES;
				CLANG_WARN_SUSPICIOUS_MOVE = YES;
				CLANG_WARN_UNGUARDED_AVAILABILITY = YES_AGGRESSIVE;
				CLANG_WARN_UNREACHABLE_CODE = YES;
				CLANG_WARN__DUPLICATE_METHOD_MATCH = YES;
				COPY_PHASE_STRIP = NO;
				DEBUG_INFORMATION_FORMAT = dwarf;
				ENABLE_STRICT_OBJC_MSGSEND = YES;
				ENABLE_TESTABILITY = YES;
				GCC_C_LANGUAGE_STANDARD = gnu11;
				GCC_DYNAMIC_NO_PIC = NO;
				GCC_NO_COMMON_BLOCKS = YES;
				GCC_OPTIMIZATION_LEVEL = 0;
				GCC_PREPROCESSOR_DEFINITIONS = (
					"DEBUG=1",
					"$(inherited)",
				);
				GCC_WARN_64_TO_32_BIT_CONVERSION = YES;
				GCC_WARN_ABOUT_RETURN_TYPE = YES_ERROR;
				GCC_WARN_UNDECLARED_SELECTOR = YES;
				GCC_WARN_UNINITIALIZED_AUTOS = YES_AGGRESSIVE;
				GCC_WARN_UNUSED_FUNCTION = YES;
				GCC_WARN_UNUSED_VARIABLE = YES;
				IPHONEOS_DEPLOYMENT_TARGET = 16.0;
				MTL_ENABLE_DEBUG_INFO = INCLUDE_SOURCE;
				MTL_FAST_MATH = YES;
				ONLY_ACTIVE_ARCH = YES;
				SDKROOT = iphoneos;
				SWIFT_ACTIVE_COMPILATION_CONDITIONS = DEBUG;
				SWIFT_OPTIMIZATION_LEVEL = "-Onone";
			};
			name = Debug;
		};
		9FCFCACA28FE305A0024DD1A /* Release */ = {
			isa = XCBuildConfiguration;
			buildSettings = {
				ALWAYS_SEARCH_USER_PATHS = NO;
				CLANG_ANALYZER_NONNULL = YES;
				CLANG_ANALYZER_NUMBER_OBJECT_CONVERSION = YES_AGGRESSIVE;
				CLANG_CXX_LANGUAGE_STANDARD = "gnu++20";
				CLANG_ENABLE_MODULES = YES;
				CLANG_ENABLE_OBJC_ARC = YES;
				CLANG_ENABLE_OBJC_WEAK = YES;
				CLANG_WARN_BLOCK_CAPTURE_AUTORELEASING = YES;
				CLANG_WARN_BOOL_CONVERSION = YES;
				CLANG_WARN_COMMA = YES;
				CLANG_WARN_CONSTANT_CONVERSION = YES;
				CLANG_WARN_DEPRECATED_OBJC_IMPLEMENTATIONS = YES;
				CLANG_WARN_DIRECT_OBJC_ISA_USAGE = YES_ERROR;
				CLANG_WARN_DOCUMENTATION_COMMENTS = YES;
				CLANG_WARN_EMPTY_BODY = YES;
				CLANG_WARN_ENUM_CONVERSION = YES;
				CLANG_WARN_INFINITE_RECURSION = YES;
				CLANG_WARN_INT_CONVERSION = YES;
				CLANG_WARN_NON_LITERAL_NULL_CONVERSION = YES;
				CLANG_WARN_OBJC_IMPLICIT_RETAIN_SELF = YES;
				CLANG_WARN_OBJC_LITERAL_CONVERSION = YES;
				CLANG_WARN_OBJC_ROOT_CLASS = YES_ERROR;
				CLANG_WARN_QUOTED_INCLUDE_IN_FRAMEWORK_HEADER = YES;
				CLANG_WARN_RANGE_LOOP_ANALYSIS = YES;
				CLANG_WARN_STRICT_PROTOTYPES = YES;
				CLANG_WARN_SUSPICIOUS_MOVE = YES;
				CLANG_WARN_UNGUARDED_AVAILABILITY = YES_AGGRESSIVE;
				CLANG_WARN_UNREACHABLE_CODE = YES;
				CLANG_WARN__DUPLICATE_METHOD_MATCH = YES;
				COPY_PHASE_STRIP = NO;
				DEBUG_INFORMATION_FORMAT = "dwarf-with-dsym";
				ENABLE_NS_ASSERTIONS = NO;
				ENABLE_STRICT_OBJC_MSGSEND = YES;
				GCC_C_LANGUAGE_STANDARD = gnu11;
				GCC_NO_COMMON_BLOCKS = YES;
				GCC_WARN_64_TO_32_BIT_CONVERSION = YES;
				GCC_WARN_ABOUT_RETURN_TYPE = YES_ERROR;
				GCC_WARN_UNDECLARED_SELECTOR = YES;
				GCC_WARN_UNINITIALIZED_AUTOS = YES_AGGRESSIVE;
				GCC_WARN_UNUSED_FUNCTION = YES;
				GCC_WARN_UNUSED_VARIABLE = YES;
				IPHONEOS_DEPLOYMENT_TARGET = 16.0;
				MTL_ENABLE_DEBUG_INFO = NO;
				MTL_FAST_MATH = YES;
				SDKROOT = iphoneos;
				SWIFT_COMPILATION_MODE = wholemodule;
				SWIFT_OPTIMIZATION_LEVEL = "-O";
				VALIDATE_PRODUCT = YES;
			};
			name = Release;
		};
		9FCFCACC28FE305A0024DD1A /* Debug */ = {
			isa = XCBuildConfiguration;
			buildSettings = {
				ASSETCATALOG_COMPILER_APPICON_NAME = AppIcon;
				ASSETCATALOG_COMPILER_GLOBAL_ACCENT_COLOR_NAME = AccentColor;
				CODE_SIGN_STYLE = Automatic;
				CURRENT_PROJECT_VERSION = 1;
				GENERATE_INFOPLIST_FILE = YES;
				INFOPLIST_FILE = weathertest/Info.plist;
				INFOPLIST_KEY_UIApplicationSupportsIndirectInputEvents = YES;
				INFOPLIST_KEY_UILaunchStoryboardName = LaunchScreen;
				INFOPLIST_KEY_UIMainStoryboardFile = Main;
				INFOPLIST_KEY_UISupportedInterfaceOrientations_iPad = "UIInterfaceOrientationPortrait UIInterfaceOrientationPortraitUpsideDown UIInterfaceOrientationLandscapeLeft UIInterfaceOrientationLandscapeRight";
				INFOPLIST_KEY_UISupportedInterfaceOrientations_iPhone = "UIInterfaceOrientationPortrait UIInterfaceOrientationLandscapeLeft UIInterfaceOrientationLandscapeRight";
				LD_RUNPATH_SEARCH_PATHS = (
					"$(inherited)",
					"@executable_path/Frameworks",
				);
				MARKETING_VERSION = 1.0;
				PRODUCT_BUNDLE_IDENTIFIER = com.pinal.weathertest;
				PRODUCT_NAME = "$(TARGET_NAME)";
				SWIFT_EMIT_LOC_STRINGS = YES;
				SWIFT_VERSION = 5.0;
				TARGETED_DEVICE_FAMILY = "1,2";
			};
			name = Debug;
		};
		9FCFCACD28FE305A0024DD1A /* Release */ = {
			isa = XCBuildConfiguration;
			buildSettings = {
				ASSETCATALOG_COMPILER_APPICON_NAME = AppIcon;
				ASSETCATALOG_COMPILER_GLOBAL_ACCENT_COLOR_NAME = AccentColor;
				CODE_SIGN_STYLE = Automatic;
				CURRENT_PROJECT_VERSION = 1;
				GENERATE_INFOPLIST_FILE = YES;
				INFOPLIST_FILE = weathertest/Info.plist;
				INFOPLIST_KEY_UIApplicationSupportsIndirectInputEvents = YES;
				INFOPLIST_KEY_UILaunchStoryboardName = LaunchScreen;
				INFOPLIST_KEY_UIMainStoryboardFile = Main;
				INFOPLIST_KEY_UISupportedInterfaceOrientations_iPad = "UIInterfaceOrientationPortrait UIInterfaceOrientationPortraitUpsideDown UIInterfaceOrientationLandscapeLeft UIInterfaceOrientationLandscapeRight";
				INFOPLIST_KEY_UISupportedInterfaceOrientations_iPhone = "UIInterfaceOrientationPortrait UIInterfaceOrientationLandscapeLeft UIInterfaceOrientationLandscapeRight";
				LD_RUNPATH_SEARCH_PATHS = (
					"$(inherited)",
					"@executable_path/Frameworks",
				);
				MARKETING_VERSION = 1.0;
				PRODUCT_BUNDLE_IDENTIFIER = com.pinal.weathertest;
				PRODUCT_NAME = "$(TARGET_NAME)";
				SWIFT_EMIT_LOC_STRINGS = YES;
				SWIFT_VERSION = 5.0;
				TARGETED_DEVICE_FAMILY = "1,2";
			};
			name = Release;
		};
		9FCFCACF28FE305A0024DD1A /* Debug */ = {
			isa = XCBuildConfiguration;
			buildSettings = {
				ALWAYS_EMBED_SWIFT_STANDARD_LIBRARIES = YES;
				BUNDLE_LOADER = "$(TEST_HOST)";
				CODE_SIGN_STYLE = Automatic;
				CURRENT_PROJECT_VERSION = 1;
				GENERATE_INFOPLIST_FILE = YES;
				IPHONEOS_DEPLOYMENT_TARGET = 16.0;
				MARKETING_VERSION = 1.0;
				PRODUCT_BUNDLE_IDENTIFIER = com.pinal.weathertestTests;
				PRODUCT_NAME = "$(TARGET_NAME)";
				SWIFT_EMIT_LOC_STRINGS = NO;
				SWIFT_VERSION = 5.0;
				TARGETED_DEVICE_FAMILY = "1,2";
				TEST_HOST = "$(BUILT_PRODUCTS_DIR)/weathertest.app/$(BUNDLE_EXECUTABLE_FOLDER_PATH)/weathertest";
			};
			name = Debug;
		};
		9FCFCAD028FE305A0024DD1A /* Release */ = {
			isa = XCBuildConfiguration;
			buildSettings = {
				ALWAYS_EMBED_SWIFT_STANDARD_LIBRARIES = YES;
				BUNDLE_LOADER = "$(TEST_HOST)";
				CODE_SIGN_STYLE = Automatic;
				CURRENT_PROJECT_VERSION = 1;
				GENERATE_INFOPLIST_FILE = YES;
				IPHONEOS_DEPLOYMENT_TARGET = 16.0;
				MARKETING_VERSION = 1.0;
				PRODUCT_BUNDLE_IDENTIFIER = com.pinal.weathertestTests;
				PRODUCT_NAME = "$(TARGET_NAME)";
				SWIFT_EMIT_LOC_STRINGS = NO;
				SWIFT_VERSION = 5.0;
				TARGETED_DEVICE_FAMILY = "1,2";
				TEST_HOST = "$(BUILT_PRODUCTS_DIR)/weathertest.app/$(BUNDLE_EXECUTABLE_FOLDER_PATH)/weathertest";
			};
			name = Release;
		};
		9FCFCAD228FE305A0024DD1A /* Debug */ = {
			isa = XCBuildConfiguration;
			buildSettings = {
				ALWAYS_EMBED_SWIFT_STANDARD_LIBRARIES = YES;
				CODE_SIGN_STYLE = Automatic;
				CURRENT_PROJECT_VERSION = 1;
				GENERATE_INFOPLIST_FILE = YES;
				MARKETING_VERSION = 1.0;
				PRODUCT_BUNDLE_IDENTIFIER = com.pinal.weathertestUITests;
				PRODUCT_NAME = "$(TARGET_NAME)";
				SWIFT_EMIT_LOC_STRINGS = NO;
				SWIFT_VERSION = 5.0;
				TARGETED_DEVICE_FAMILY = "1,2";
				TEST_TARGET_NAME = weathertest;
			};
			name = Debug;
		};
		9FCFCAD328FE305A0024DD1A /* Release */ = {
			isa = XCBuildConfiguration;
			buildSettings = {
				ALWAYS_EMBED_SWIFT_STANDARD_LIBRARIES = YES;
				CODE_SIGN_STYLE = Automatic;
				CURRENT_PROJECT_VERSION = 1;
				GENERATE_INFOPLIST_FILE = YES;
				MARKETING_VERSION = 1.0;
				PRODUCT_BUNDLE_IDENTIFIER = com.pinal.weathertestUITests;
				PRODUCT_NAME = "$(TARGET_NAME)";
				SWIFT_EMIT_LOC_STRINGS = NO;
				SWIFT_VERSION = 5.0;
				TARGETED_DEVICE_FAMILY = "1,2";
				TEST_TARGET_NAME = weathertest;
			};
			name = Release;
		};
/* End XCBuildConfiguration section */

/* Begin XCConfigurationList section */
		9FCFCA9928FE30590024DD1A /* Build configuration list for PBXProject "weathertest" */ = {
			isa = XCConfigurationList;
			buildConfigurations = (
				9FCFCAC928FE305A0024DD1A /* Debug */,
				9FCFCACA28FE305A0024DD1A /* Release */,
			);
			defaultConfigurationIsVisible = 0;
			defaultConfigurationName = Release;
		};
		9FCFCACB28FE305A0024DD1A /* Build configuration list for PBXNativeTarget "weathertest" */ = {
			isa = XCConfigurationList;
			buildConfigurations = (
				9FCFCACC28FE305A0024DD1A /* Debug */,
				9FCFCACD28FE305A0024DD1A /* Release */,
			);
			defaultConfigurationIsVisible = 0;
			defaultConfigurationName = Release;
		};
		9FCFCACE28FE305A0024DD1A /* Build configuration list for PBXNativeTarget "weathertestTests" */ = {
			isa = XCConfigurationList;
			buildConfigurations = (
				9FCFCACF28FE305A0024DD1A /* Debug */,
				9FCFCAD028FE305A0024DD1A /* Release */,
			);
			defaultConfigurationIsVisible = 0;
			defaultConfigurationName = Release;
		};
		9FCFCAD128FE305A0024DD1A /* Build configuration list for PBXNativeTarget "weathertestUITests" */ = {
			isa = XCConfigurationList;
			buildConfigurations = (
				9FCFCAD228FE305A0024DD1A /* Debug */,
				9FCFCAD328FE305A0024DD1A /* Release */,
			);
			defaultConfigurationIsVisible = 0;
			defaultConfigurationName = Release;
		};
/* End XCConfigurationList section */

/* Begin XCVersionGroup section */
		9FCFCAAA28FE30590024DD1A /* weathertest.xcdatamodeld */ = {
			isa = XCVersionGroup;
			children = (
				9FCFCAAB28FE30590024DD1A /* weathertest.xcdatamodel */,
			);
			currentVersion = 9FCFCAAB28FE30590024DD1A /* weathertest.xcdatamodel */;
			path = weathertest.xcdatamodeld;
			sourceTree = "<group>";
			versionGroupType = wrapper.xcdatamodel;
		};
/* End XCVersionGroup section */
	};
	rootObject = 9FCFCA9628FE30590024DD1A /* Project object */;
}
